
Microsoft Visual Studio Solution File, Format Version 12.00
# Visual Studio Version 17
VisualStudioVersion = 17.4.33205.214
MinimumVisualStudioVersion = 10.0.40219.1
Project("{FAE04EC0-301F-11D3-BF4B-00C04F79EFBC}") = "ChaiProject", "ChaiProject.csproj", "{18458C72-6E24-46DF-AAFD-4BFF2BB3E77C}"
EndProject
Global
	GlobalSection(SolutionConfigurationPlatforms) = preSolution
		Debug|Any CPU = Debug|Any CPU
		Release|Any CPU = Release|Any CPU
	EndGlobalSection
	GlobalSection(ProjectConfigurationPlatforms) = postSolution
		{18458C72-6E24-46DF-AAFD-4BFF2BB3E77C}.Debug|Any CPU.ActiveCfg = Debug|Any CPU
		{18458C72-6E24-46DF-AAFD-4BFF2BB3E77C}.Debug|Any CPU.Build.0 = Debug|Any CPU
		{18458C72-6E24-46DF-AAFD-4BFF2BB3E77C}.Release|Any CPU.ActiveCfg = Release|Any CPU
		{18458C72-6E24-46DF-AAFD-4BFF2BB3E77C}.Release|Any CPU.Build.0 = Release|Any CPU
	EndGlobalSection
	GlobalSection(SolutionProperties) = preSolution
		HideSolutionNode = FALSE
	EndGlobalSection
	GlobalSection(ExtensibilityGlobals) = postSolution
		SolutionGuid = {7ACC9BB7-80C4-428B-A321-776C22F5166E}
	EndGlobalSection
EndGlobal
